// !$*UTF8*$!
{
	archiveVersion = 1;
	classes = {
	};
	objectVersion = 50;
	objects = {

/* Begin PBXBuildFile section */
		7B12076523900645006129F1 /* Cookie.txt in Resources */ = {isa = PBXBuildFile; fileRef = 7B12076423900645006129F1 /* Cookie.txt */; };
		7B5E05392388B72200A2712F /* AppDelegate.swift in Sources */ = {isa = PBXBuildFile; fileRef = 7B5E05382388B72200A2712F /* AppDelegate.swift */; };
		7B5E053B2388B72200A2712F /* ViewController.swift in Sources */ = {isa = PBXBuildFile; fileRef = 7B5E053A2388B72200A2712F /* ViewController.swift */; };
		7B5E053D2388B72600A2712F /* Assets.xcassets in Resources */ = {isa = PBXBuildFile; fileRef = 7B5E053C2388B72600A2712F /* Assets.xcassets */; };
		7B5E05402388B72600A2712F /* Main.storyboard in Resources */ = {isa = PBXBuildFile; fileRef = 7B5E053E2388B72600A2712F /* Main.storyboard */; };
		7B5E054C2388B72600A2712F /* NarouTests.swift in Sources */ = {isa = PBXBuildFile; fileRef = 7B5E054B2388B72600A2712F /* NarouTests.swift */; };
		7B5E05572388B72600A2712F /* NarouUITests.swift in Sources */ = {isa = PBXBuildFile; fileRef = 7B5E05562388B72600A2712F /* NarouUITests.swift */; };
		7B5E056A2388B7E100A2712F /* Narou_Core.mm in Sources */ = {isa = PBXBuildFile; fileRef = 7B5E05672388B7E000A2712F /* Narou_Core.mm */; };
		7B5EFB67241A596B0039EAEA /* Settings.cpp in Sources */ = {isa = PBXBuildFile; fileRef = 7B5EFB65241A596B0039EAEA /* Settings.cpp */; };
		7B5EFB6B241A5F290039EAEA /* NovelManage.cpp in Sources */ = {isa = PBXBuildFile; fileRef = 7B5EFB69241A5F290039EAEA /* NovelManage.cpp */; };
		7B5EFB72241AB38F0039EAEA /* Narou.cpp in Sources */ = {isa = PBXBuildFile; fileRef = 7B5EFB70241AB38F0039EAEA /* Narou.cpp */; };
		7B6AD8ED23A4F61600A4CC71 /* OnClickFunction.mm in Sources */ = {isa = PBXBuildFile; fileRef = 7B6AD8EC23A4F61600A4CC71 /* OnClickFunction.mm */; };
		7B6AD8F023ABA0ED00A4CC71 /* Planning.md in Resources */ = {isa = PBXBuildFile; fileRef = 7B6AD8EF23ABA0ED00A4CC71 /* Planning.md */; };
		7BBAC57E23B0823500A2C33A /* AddNovelsViewController.swift in Sources */ = {isa = PBXBuildFile; fileRef = 7BBAC57D23B0823500A2C33A /* AddNovelsViewController.swift */; };
		7BECD10623983FB400003BBD /* ReadMe.md in Resources */ = {isa = PBXBuildFile; fileRef = 7BECD10523983FB400003BBD /* ReadMe.md */; };
		7BF75BD1239814F5000CCE96 /* DealJson.cpp in Sources */ = {isa = PBXBuildFile; fileRef = 7BF75BCF239814F4000CCE96 /* DealJson.cpp */; };
/* End PBXBuildFile section */

/* Begin PBXContainerItemProxy section */
		7B5E05482388B72600A2712F /* PBXContainerItemProxy */ = {
			isa = PBXContainerItemProxy;
			containerPortal = 7B5E052D2388B72200A2712F /* Project object */;
			proxyType = 1;
			remoteGlobalIDString = 7B5E05342388B72200A2712F;
			remoteInfo = Narou;
		};
		7B5E05532388B72600A2712F /* PBXContainerItemProxy */ = {
			isa = PBXContainerItemProxy;
			containerPortal = 7B5E052D2388B72200A2712F /* Project object */;
			proxyType = 1;
			remoteGlobalIDString = 7B5E05342388B72200A2712F;
			remoteInfo = Narou;
		};
/* End PBXContainerItemProxy section */

/* Begin PBXFileReference section */
		7B12076423900645006129F1 /* Cookie.txt */ = {isa = PBXFileReference; lastKnownFileType = text; path = Cookie.txt; sourceTree = "<group>"; };
		7B5E05352388B72200A2712F /* Narou.app */ = {isa = PBXFileReference; explicitFileType = wrapper.application; includeInIndex = 0; path = Narou.app; sourceTree = BUILT_PRODUCTS_DIR; };
		7B5E05382388B72200A2712F /* AppDelegate.swift */ = {isa = PBXFileReference; lastKnownFileType = sourcecode.swift; path = AppDelegate.swift; sourceTree = "<group>"; };
		7B5E053A2388B72200A2712F /* ViewController.swift */ = {isa = PBXFileReference; lastKnownFileType = sourcecode.swift; path = ViewController.swift; sourceTree = "<group>"; };
		7B5E053C2388B72600A2712F /* Assets.xcassets */ = {isa = PBXFileReference; lastKnownFileType = folder.assetcatalog; path = Assets.xcassets; sourceTree = "<group>"; };
		7B5E053F2388B72600A2712F /* Base */ = {isa = PBXFileReference; lastKnownFileType = file.storyboard; name = Base; path = Base.lproj/Main.storyboard; sourceTree = "<group>"; };
		7B5E05412388B72600A2712F /* Info.plist */ = {isa = PBXFileReference; lastKnownFileType = text.plist.xml; path = Info.plist; sourceTree = "<group>"; };
		7B5E05422388B72600A2712F /* Narou.entitlements */ = {isa = PBXFileReference; lastKnownFileType = text.plist.entitlements; path = Narou.entitlements; sourceTree = "<group>"; };
		7B5E05472388B72600A2712F /* NarouTests.xctest */ = {isa = PBXFileReference; explicitFileType = wrapper.cfbundle; includeInIndex = 0; path = NarouTests.xctest; sourceTree = BUILT_PRODUCTS_DIR; };
		7B5E054B2388B72600A2712F /* NarouTests.swift */ = {isa = PBXFileReference; lastKnownFileType = sourcecode.swift; path = NarouTests.swift; sourceTree = "<group>"; };
		7B5E054D2388B72600A2712F /* Info.plist */ = {isa = PBXFileReference; lastKnownFileType = text.plist.xml; path = Info.plist; sourceTree = "<group>"; };
		7B5E05522388B72600A2712F /* NarouUITests.xctest */ = {isa = PBXFileReference; explicitFileType = wrapper.cfbundle; includeInIndex = 0; path = NarouUITests.xctest; sourceTree = BUILT_PRODUCTS_DIR; };
		7B5E05562388B72600A2712F /* NarouUITests.swift */ = {isa = PBXFileReference; lastKnownFileType = sourcecode.swift; path = NarouUITests.swift; sourceTree = "<group>"; };
		7B5E05582388B72600A2712F /* Info.plist */ = {isa = PBXFileReference; lastKnownFileType = text.plist.xml; path = Info.plist; sourceTree = "<group>"; };
		7B5E05662388B7E000A2712F /* Narou-Bridging-Header.h */ = {isa = PBXFileReference; lastKnownFileType = sourcecode.c.h; path = "Narou-Bridging-Header.h"; sourceTree = "<group>"; };
		7B5E05672388B7E000A2712F /* Narou_Core.mm */ = {isa = PBXFileReference; fileEncoding = 4; lastKnownFileType = sourcecode.cpp.objcpp; path = Narou_Core.mm; sourceTree = "<group>"; };
		7B5E05682388B7E100A2712F /* Narou_Core.h */ = {isa = PBXFileReference; fileEncoding = 4; lastKnownFileType = sourcecode.c.h; path = Narou_Core.h; sourceTree = "<group>"; };
		7B5E056B238BBD8600A2712F /* picojson.h */ = {isa = PBXFileReference; fileEncoding = 4; lastKnownFileType = sourcecode.c.h; path = picojson.h; sourceTree = "<group>"; };
		7B5EFB65241A596B0039EAEA /* Settings.cpp */ = {isa = PBXFileReference; lastKnownFileType = sourcecode.cpp.cpp; path = Settings.cpp; sourceTree = "<group>"; };
		7B5EFB66241A596B0039EAEA /* Settings.hpp */ = {isa = PBXFileReference; lastKnownFileType = sourcecode.cpp.h; path = Settings.hpp; sourceTree = "<group>"; };
		7B5EFB69241A5F290039EAEA /* NovelManage.cpp */ = {isa = PBXFileReference; lastKnownFileType = sourcecode.cpp.cpp; path = NovelManage.cpp; sourceTree = "<group>"; };
		7B5EFB6A241A5F290039EAEA /* NovelManage.hpp */ = {isa = PBXFileReference; lastKnownFileType = sourcecode.cpp.h; path = NovelManage.hpp; sourceTree = "<group>"; };
		7B5EFB70241AB38F0039EAEA /* Narou.cpp */ = {isa = PBXFileReference; lastKnownFileType = sourcecode.cpp.cpp; path = Narou.cpp; sourceTree = "<group>"; };
		7B5EFB71241AB38F0039EAEA /* Narou.hpp */ = {isa = PBXFileReference; lastKnownFileType = sourcecode.cpp.h; path = Narou.hpp; sourceTree = "<group>"; };
		7B6AD8EC23A4F61600A4CC71 /* OnClickFunction.mm */ = {isa = PBXFileReference; lastKnownFileType = sourcecode.cpp.objcpp; path = OnClickFunction.mm; sourceTree = "<group>"; };
		7B6AD8EE23A4F64100A4CC71 /* OnClickFunction.h */ = {isa = PBXFileReference; lastKnownFileType = sourcecode.c.h; path = OnClickFunction.h; sourceTree = "<group>"; };
		7B6AD8EF23ABA0ED00A4CC71 /* Planning.md */ = {isa = PBXFileReference; lastKnownFileType = net.daringfireball.markdown; path = Planning.md; sourceTree = "<group>"; };
		7BBAC57D23B0823500A2C33A /* AddNovelsViewController.swift */ = {isa = PBXFileReference; lastKnownFileType = sourcecode.swift; path = AddNovelsViewController.swift; sourceTree = "<group>"; };
		7BECD10523983FB400003BBD /* ReadMe.md */ = {isa = PBXFileReference; lastKnownFileType = net.daringfireball.markdown; path = ReadMe.md; sourceTree = "<group>"; };
		7BF75BCF239814F4000CCE96 /* DealJson.cpp */ = {isa = PBXFileReference; lastKnownFileType = sourcecode.cpp.cpp; path = DealJson.cpp; sourceTree = "<group>"; };
		7BF75BD0239814F4000CCE96 /* DealJson.hpp */ = {isa = PBXFileReference; lastKnownFileType = sourcecode.cpp.h; path = DealJson.hpp; sourceTree = "<group>"; };
/* End PBXFileReference section */

/* Begin PBXFrameworksBuildPhase section */
		7B5E05322388B72200A2712F /* Frameworks */ = {
			isa = PBXFrameworksBuildPhase;
			buildActionMask = 2147483647;
			files = (
			);
			runOnlyForDeploymentPostprocessing = 0;
		};
		7B5E05442388B72600A2712F /* Frameworks */ = {
			isa = PBXFrameworksBuildPhase;
			buildActionMask = 2147483647;
			files = (
			);
			runOnlyForDeploymentPostprocessing = 0;
		};
		7B5E054F2388B72600A2712F /* Frameworks */ = {
			isa = PBXFrameworksBuildPhase;
			buildActionMask = 2147483647;
			files = (
			);
			runOnlyForDeploymentPostprocessing = 0;
		};
/* End PBXFrameworksBuildPhase section */

/* Begin PBXGroup section */
		7B4B9E8D238CA9A300614BF7 /* Frameworks */ = {
			isa = PBXGroup;
			children = (
			);
			name = Frameworks;
			sourceTree = "<group>";
		};
		7B5E052C2388B72200A2712F = {
			isa = PBXGroup;
			children = (
				7BECD10523983FB400003BBD /* ReadMe.md */,
				7B5E05372388B72200A2712F /* Narou */,
				7B5E054A2388B72600A2712F /* NarouTests */,
				7B5E05552388B72600A2712F /* NarouUITests */,
				7B5E05362388B72200A2712F /* Products */,
				7B4B9E8D238CA9A300614BF7 /* Frameworks */,
			);
			sourceTree = "<group>";
		};
		7B5E05362388B72200A2712F /* Products */ = {
			isa = PBXGroup;
			children = (
				7B5E05352388B72200A2712F /* Narou.app */,
				7B5E05472388B72600A2712F /* NarouTests.xctest */,
				7B5E05522388B72600A2712F /* NarouUITests.xctest */,
			);
			name = Products;
			sourceTree = "<group>";
		};
		7B5E05372388B72200A2712F /* Narou */ = {
			isa = PBXGroup;
			children = (
				7B5EFB6D241AB3160039EAEA /* CPP */,
				7BF75BCF239814F4000CCE96 /* DealJson.cpp */,
				7B6AD8EC23A4F61600A4CC71 /* OnClickFunction.mm */,
				7B6AD8EE23A4F64100A4CC71 /* OnClickFunction.h */,
				7B5E05672388B7E000A2712F /* Narou_Core.mm */,
				7B5E05682388B7E100A2712F /* Narou_Core.h */,
				7BF75BD0239814F4000CCE96 /* DealJson.hpp */,
				7BBAC57D23B0823500A2C33A /* AddNovelsViewController.swift */,
				7B5E05382388B72200A2712F /* AppDelegate.swift */,
				7B5E053C2388B72600A2712F /* Assets.xcassets */,
				7B5E053E2388B72600A2712F /* Main.storyboard */,
				7B5E05412388B72600A2712F /* Info.plist */,
				7B5E05422388B72600A2712F /* Narou.entitlements */,
				7B5E056B238BBD8600A2712F /* picojson.h */,
				7B5E05662388B7E000A2712F /* Narou-Bridging-Header.h */,
				7B12076423900645006129F1 /* Cookie.txt */,
				7B5E053A2388B72200A2712F /* ViewController.swift */,
				7B6AD8EF23ABA0ED00A4CC71 /* Planning.md */,
			);
			path = Narou;
			sourceTree = "<group>";
		};
		7B5E054A2388B72600A2712F /* NarouTests */ = {
			isa = PBXGroup;
			children = (
				7B5E054B2388B72600A2712F /* NarouTests.swift */,
				7B5E054D2388B72600A2712F /* Info.plist */,
			);
			path = NarouTests;
			sourceTree = "<group>";
		};
		7B5E05552388B72600A2712F /* NarouUITests */ = {
			isa = PBXGroup;
			children = (
				7B5E05562388B72600A2712F /* NarouUITests.swift */,
				7B5E05582388B72600A2712F /* Info.plist */,
			);
			path = NarouUITests;
			sourceTree = "<group>";
		};
		7B5EFB63241A59550039EAEA /* Novel */ = {
			isa = PBXGroup;
			children = (
			);
			path = Novel;
			sourceTree = "<group>";
		};
		7B5EFB64241A595C0039EAEA /* Settings */ = {
			isa = PBXGroup;
			children = (
				7B5EFB65241A596B0039EAEA /* Settings.cpp */,
				7B5EFB66241A596B0039EAEA /* Settings.hpp */,
			);
			path = Settings;
			sourceTree = "<group>";
		};
		7B5EFB6D241AB3160039EAEA /* CPP */ = {
			isa = PBXGroup;
			children = (
				7B5EFB6F241AB33B0039EAEA /* DownloadData */,
				7B5EFB6E241AB32A0039EAEA /* Local */,
			);
			path = CPP;
			sourceTree = "<group>";
		};
		7B5EFB6E241AB32A0039EAEA /* Local */ = {
			isa = PBXGroup;
			children = (
				7B5EFB64241A595C0039EAEA /* Settings */,
				7B5EFB63241A59550039EAEA /* Novel */,
			);
			path = Local;
			sourceTree = "<group>";
		};
		7B5EFB6F241AB33B0039EAEA /* DownloadData */ = {
			isa = PBXGroup;
			children = (
				7B5EFB70241AB38F0039EAEA /* Narou.cpp */,
				7B5EFB71241AB38F0039EAEA /* Narou.hpp */,
				7B5EFB69241A5F290039EAEA /* NovelManage.cpp */,
				7B5EFB6A241A5F290039EAEA /* NovelManage.hpp */,
			);
			path = DownloadData;
			sourceTree = "<group>";
		};
/* End PBXGroup section */

/* Begin PBXNativeTarget section */
		7B5E05342388B72200A2712F /* Narou */ = {
			isa = PBXNativeTarget;
			buildConfigurationList = 7B5E055B2388B72600A2712F /* Build configuration list for PBXNativeTarget "Narou" */;
			buildPhases = (
				7B5E05312388B72200A2712F /* Sources */,
				7B5E05322388B72200A2712F /* Frameworks */,
				7B5E05332388B72200A2712F /* Resources */,
			);
			buildRules = (
			);
			dependencies = (
			);
			name = Narou;
			productName = Narou;
			productReference = 7B5E05352388B72200A2712F /* Narou.app */;
			productType = "com.apple.product-type.application";
		};
		7B5E05462388B72600A2712F /* NarouTests */ = {
			isa = PBXNativeTarget;
			buildConfigurationList = 7B5E055E2388B72600A2712F /* Build configuration list for PBXNativeTarget "NarouTests" */;
			buildPhases = (
				7B5E05432388B72600A2712F /* Sources */,
				7B5E05442388B72600A2712F /* Frameworks */,
				7B5E05452388B72600A2712F /* Resources */,
			);
			buildRules = (
			);
			dependencies = (
				7B5E05492388B72600A2712F /* PBXTargetDependency */,
			);
			name = NarouTests;
			productName = NarouTests;
			productReference = 7B5E05472388B72600A2712F /* NarouTests.xctest */;
			productType = "com.apple.product-type.bundle.unit-test";
		};
		7B5E05512388B72600A2712F /* NarouUITests */ = {
			isa = PBXNativeTarget;
			buildConfigurationList = 7B5E05612388B72600A2712F /* Build configuration list for PBXNativeTarget "NarouUITests" */;
			buildPhases = (
				7B5E054E2388B72600A2712F /* Sources */,
				7B5E054F2388B72600A2712F /* Frameworks */,
				7B5E05502388B72600A2712F /* Resources */,
			);
			buildRules = (
			);
			dependencies = (
				7B5E05542388B72600A2712F /* PBXTargetDependency */,
			);
			name = NarouUITests;
			productName = NarouUITests;
			productReference = 7B5E05522388B72600A2712F /* NarouUITests.xctest */;
			productType = "com.apple.product-type.bundle.ui-testing";
		};
/* End PBXNativeTarget section */

/* Begin PBXProject section */
		7B5E052D2388B72200A2712F /* Project object */ = {
			isa = PBXProject;
			attributes = {
				LastSwiftUpdateCheck = 1110;
				LastUpgradeCheck = 1110;
				ORGANIZATIONNAME = "五島充輝";
				TargetAttributes = {
					7B5E05342388B72200A2712F = {
						CreatedOnToolsVersion = 11.1;
						LastSwiftMigration = 1110;
					};
					7B5E05462388B72600A2712F = {
						CreatedOnToolsVersion = 11.1;
						TestTargetID = 7B5E05342388B72200A2712F;
					};
					7B5E05512388B72600A2712F = {
						CreatedOnToolsVersion = 11.1;
						TestTargetID = 7B5E05342388B72200A2712F;
					};
				};
			};
			buildConfigurationList = 7B5E05302388B72200A2712F /* Build configuration list for PBXProject "Narou" */;
			compatibilityVersion = "Xcode 9.3";
			developmentRegion = en;
			hasScannedForEncodings = 0;
			knownRegions = (
				en,
				Base,
			);
			mainGroup = 7B5E052C2388B72200A2712F;
			productRefGroup = 7B5E05362388B72200A2712F /* Products */;
			projectDirPath = "";
			projectRoot = "";
			targets = (
				7B5E05342388B72200A2712F /* Narou */,
				7B5E05462388B72600A2712F /* NarouTests */,
				7B5E05512388B72600A2712F /* NarouUITests */,
			);
		};
/* End PBXProject section */

/* Begin PBXResourcesBuildPhase section */
		7B5E05332388B72200A2712F /* Resources */ = {
			isa = PBXResourcesBuildPhase;
			buildActionMask = 2147483647;
			files = (
				7B5E053D2388B72600A2712F /* Assets.xcassets in Resources */,
				7B12076523900645006129F1 /* Cookie.txt in Resources */,
				7BECD10623983FB400003BBD /* ReadMe.md in Resources */,
				7B5E05402388B72600A2712F /* Main.storyboard in Resources */,
				7B6AD8F023ABA0ED00A4CC71 /* Planning.md in Resources */,
			);
			runOnlyForDeploymentPostprocessing = 0;
		};
		7B5E05452388B72600A2712F /* Resources */ = {
			isa = PBXResourcesBuildPhase;
			buildActionMask = 2147483647;
			files = (
			);
			runOnlyForDeploymentPostprocessing = 0;
		};
		7B5E05502388B72600A2712F /* Resources */ = {
			isa = PBXResourcesBuildPhase;
			buildActionMask = 2147483647;
			files = (
			);
			runOnlyForDeploymentPostprocessing = 0;
		};
/* End PBXResourcesBuildPhase section */

/* Begin PBXSourcesBuildPhase section */
		7B5E05312388B72200A2712F /* Sources */ = {
			isa = PBXSourcesBuildPhase;
			buildActionMask = 2147483647;
			files = (
				7B5E053B2388B72200A2712F /* ViewController.swift in Sources */,
				7BF75BD1239814F5000CCE96 /* DealJson.cpp in Sources */,
				7B5E056A2388B7E100A2712F /* Narou_Core.mm in Sources */,
				7BBAC57E23B0823500A2C33A /* AddNovelsViewController.swift in Sources */,
				7B5EFB67241A596B0039EAEA /* Settings.cpp in Sources */,
				7B5EFB72241AB38F0039EAEA /* Narou.cpp in Sources */,
				7B5E05392388B72200A2712F /* AppDelegate.swift in Sources */,
				7B5EFB6B241A5F290039EAEA /* NovelManage.cpp in Sources */,
				7B6AD8ED23A4F61600A4CC71 /* OnClickFunction.mm in Sources */,
			);
			runOnlyForDeploymentPostprocessing = 0;
		};
		7B5E05432388B72600A2712F /* Sources */ = {
			isa = PBXSourcesBuildPhase;
			buildActionMask = 2147483647;
			files = (
				7B5E054C2388B72600A2712F /* NarouTests.swift in Sources */,
			);
			runOnlyForDeploymentPostprocessing = 0;
		};
		7B5E054E2388B72600A2712F /* Sources */ = {
			isa = PBXSourcesBuildPhase;
			buildActionMask = 2147483647;
			files = (
				7B5E05572388B72600A2712F /* NarouUITests.swift in Sources */,
			);
			runOnlyForDeploymentPostprocessing = 0;
		};
/* End PBXSourcesBuildPhase section */

/* Begin PBXTargetDependency section */
		7B5E05492388B72600A2712F /* PBXTargetDependency */ = {
			isa = PBXTargetDependency;
			target = 7B5E05342388B72200A2712F /* Narou */;
			targetProxy = 7B5E05482388B72600A2712F /* PBXContainerItemProxy */;
		};
		7B5E05542388B72600A2712F /* PBXTargetDependency */ = {
			isa = PBXTargetDependency;
			target = 7B5E05342388B72200A2712F /* Narou */;
			targetProxy = 7B5E05532388B72600A2712F /* PBXContainerItemProxy */;
		};
/* End PBXTargetDependency section */

/* Begin PBXVariantGroup section */
		7B5E053E2388B72600A2712F /* Main.storyboard */ = {
			isa = PBXVariantGroup;
			children = (
				7B5E053F2388B72600A2712F /* Base */,
			);
			name = Main.storyboard;
			sourceTree = "<group>";
		};
/* End PBXVariantGroup section */

/* Begin XCBuildConfiguration section */
		7B5E05592388B72600A2712F /* Debug */ = {
			isa = XCBuildConfiguration;
			buildSettings = {
				ALWAYS_SEARCH_USER_PATHS = NO;
				CLANG_ANALYZER_NONNULL = YES;
				CLANG_ANALYZER_NUMBER_OBJECT_CONVERSION = YES_AGGRESSIVE;
				CLANG_CXX_LANGUAGE_STANDARD = "gnu++14";
				CLANG_CXX_LIBRARY = "libc++";
				CLANG_ENABLE_MODULES = YES;
				CLANG_ENABLE_OBJC_ARC = YES;
				CLANG_ENABLE_OBJC_WEAK = YES;
				CLANG_WARN_BLOCK_CAPTURE_AUTORELEASING = YES;
				CLANG_WARN_BOOL_CONVERSION = YES;
				CLANG_WARN_COMMA = YES;
				CLANG_WARN_CONSTANT_CONVERSION = YES;
				CLANG_WARN_DEPRECATED_OBJC_IMPLEMENTATIONS = YES;
				CLANG_WARN_DIRECT_OBJC_ISA_USAGE = YES_ERROR;
				CLANG_WARN_DOCUMENTATION_COMMENTS = YES;
				CLANG_WARN_EMPTY_BODY = YES;
				CLANG_WARN_ENUM_CONVERSION = YES;
				CLANG_WARN_INFINITE_RECURSION = YES;
				CLANG_WARN_INT_CONVERSION = YES;
				CLANG_WARN_NON_LITERAL_NULL_CONVERSION = YES;
				CLANG_WARN_OBJC_IMPLICIT_RETAIN_SELF = YES;
				CLANG_WARN_OBJC_LITERAL_CONVERSION = YES;
				CLANG_WARN_OBJC_ROOT_CLASS = YES_ERROR;
				CLANG_WARN_RANGE_LOOP_ANALYSIS = YES;
				CLANG_WARN_STRICT_PROTOTYPES = YES;
				CLANG_WARN_SUSPICIOUS_MOVE = YES;
				CLANG_WARN_UNGUARDED_AVAILABILITY = YES_AGGRESSIVE;
				CLANG_WARN_UNREACHABLE_CODE = YES;
				CLANG_WARN__DUPLICATE_METHOD_MATCH = YES;
				COPY_PHASE_STRIP = NO;
				DEBUG_INFORMATION_FORMAT = dwarf;
				ENABLE_STRICT_OBJC_MSGSEND = YES;
				ENABLE_TESTABILITY = YES;
				GCC_C_LANGUAGE_STANDARD = gnu11;
				GCC_DYNAMIC_NO_PIC = NO;
				GCC_NO_COMMON_BLOCKS = YES;
				GCC_OPTIMIZATION_LEVEL = 0;
				GCC_PREPROCESSOR_DEFINITIONS = (
					"DEBUG=1",
					"$(inherited)",
				);
				GCC_WARN_64_TO_32_BIT_CONVERSION = YES;
				GCC_WARN_ABOUT_RETURN_TYPE = YES_ERROR;
				GCC_WARN_UNDECLARED_SELECTOR = YES;
				GCC_WARN_UNINITIALIZED_AUTOS = YES_AGGRESSIVE;
				GCC_WARN_UNUSED_FUNCTION = YES;
				GCC_WARN_UNUSED_VARIABLE = YES;
				MACOSX_DEPLOYMENT_TARGET = 10.15;
				MTL_ENABLE_DEBUG_INFO = INCLUDE_SOURCE;
				MTL_FAST_MATH = YES;
				ONLY_ACTIVE_ARCH = YES;
				SDKROOT = macosx;
				SWIFT_ACTIVE_COMPILATION_CONDITIONS = DEBUG;
				SWIFT_OPTIMIZATION_LEVEL = "-Onone";
			};
			name = Debug;
		};
		7B5E055A2388B72600A2712F /* Release */ = {
			isa = XCBuildConfiguration;
			buildSettings = {
				ALWAYS_SEARCH_USER_PATHS = NO;
				CLANG_ANALYZER_NONNULL = YES;
				CLANG_ANALYZER_NUMBER_OBJECT_CONVERSION = YES_AGGRESSIVE;
				CLANG_CXX_LANGUAGE_STANDARD = "gnu++14";
				CLANG_CXX_LIBRARY = "libc++";
				CLANG_ENABLE_MODULES = YES;
				CLANG_ENABLE_OBJC_ARC = YES;
				CLANG_ENABLE_OBJC_WEAK = YES;
				CLANG_WARN_BLOCK_CAPTURE_AUTORELEASING = YES;
				CLANG_WARN_BOOL_CONVERSION = YES;
				CLANG_WARN_COMMA = YES;
				CLANG_WARN_CONSTANT_CONVERSION = YES;
				CLANG_WARN_DEPRECATED_OBJC_IMPLEMENTATIONS = YES;
				CLANG_WARN_DIRECT_OBJC_ISA_USAGE = YES_ERROR;
				CLANG_WARN_DOCUMENTATION_COMMENTS = YES;
				CLANG_WARN_EMPTY_BODY = YES;
				CLANG_WARN_ENUM_CONVERSION = YES;
				CLANG_WARN_INFINITE_RECURSION = YES;
				CLANG_WARN_INT_CONVERSION = YES;
				CLANG_WARN_NON_LITERAL_NULL_CONVERSION = YES;
				CLANG_WARN_OBJC_IMPLICIT_RETAIN_SELF = YES;
				CLANG_WARN_OBJC_LITERAL_CONVERSION = YES;
				CLANG_WARN_OBJC_ROOT_CLASS = YES_ERROR;
				CLANG_WARN_RANGE_LOOP_ANALYSIS = YES;
				CLANG_WARN_STRICT_PROTOTYPES = YES;
				CLANG_WARN_SUSPICIOUS_MOVE = YES;
				CLANG_WARN_UNGUARDED_AVAILABILITY = YES_AGGRESSIVE;
				CLANG_WARN_UNREACHABLE_CODE = YES;
				CLANG_WARN__DUPLICATE_METHOD_MATCH = YES;
				COPY_PHASE_STRIP = NO;
				DEBUG_INFORMATION_FORMAT = "dwarf-with-dsym";
				ENABLE_NS_ASSERTIONS = NO;
				ENABLE_STRICT_OBJC_MSGSEND = YES;
				GCC_C_LANGUAGE_STANDARD = gnu11;
				GCC_NO_COMMON_BLOCKS = YES;
				GCC_WARN_64_TO_32_BIT_CONVERSION = YES;
				GCC_WARN_ABOUT_RETURN_TYPE = YES_ERROR;
				GCC_WARN_UNDECLARED_SELECTOR = YES;
				GCC_WARN_UNINITIALIZED_AUTOS = YES_AGGRESSIVE;
				GCC_WARN_UNUSED_FUNCTION = YES;
				GCC_WARN_UNUSED_VARIABLE = YES;
				MACOSX_DEPLOYMENT_TARGET = 10.15;
				MTL_ENABLE_DEBUG_INFO = NO;
				MTL_FAST_MATH = YES;
				SDKROOT = macosx;
				SWIFT_COMPILATION_MODE = wholemodule;
				SWIFT_OPTIMIZATION_LEVEL = "-O";
			};
			name = Release;
		};
		7B5E055C2388B72600A2712F /* Debug */ = {
			isa = XCBuildConfiguration;
			buildSettings = {
				ASSETCATALOG_COMPILER_APPICON_NAME = AppIcon;
				CLANG_CXX_LANGUAGE_STANDARD = "gnu++17";
				CLANG_CXX_LIBRARY = "compiler-default";
				CLANG_ENABLE_MODULES = YES;
				CODE_SIGN_ENTITLEMENTS = Narou/Narou.entitlements;
				CODE_SIGN_IDENTITY = "Apple Development";
				CODE_SIGN_STYLE = Automatic;
				COMBINE_HIDPI_IMAGES = YES;
				DEVELOPMENT_TEAM = 44W8AGS93F;
				ENABLE_HARDENED_RUNTIME = YES;
				HEADER_SEARCH_PATHS = (
					/usr/local/Cellar/curl/7.67.0/include,
					/usr/local/Cellar/boost/1.71.0/include,
				);
				INFOPLIST_FILE = Narou/Info.plist;
				LD_RUNPATH_SEARCH_PATHS = (
					"$(inherited)",
					"@executable_path/../Frameworks",
				);
				LIBRARY_SEARCH_PATHS = /usr/local/Cellar/curl/7.67.0/lib;
				OTHER_LDFLAGS = "-lcurl";
				PRODUCT_BUNDLE_IDENTIFIER = "Mitsuki-Goto.Narou";
				PRODUCT_NAME = "$(TARGET_NAME)";
				SWIFT_OBJC_BRIDGING_HEADER = "Narou/Narou-Bridging-Header.h";
				SWIFT_OPTIMIZATION_LEVEL = "-Onone";
				SWIFT_VERSION = 5.0;
			};
			name = Debug;
		};
		7B5E055D2388B72600A2712F /* Release */ = {
			isa = XCBuildConfiguration;
			buildSettings = {
				ASSETCATALOG_COMPILER_APPICON_NAME = AppIcon;
				CLANG_CXX_LANGUAGE_STANDARD = "gnu++17";
				CLANG_CXX_LIBRARY = "compiler-default";
				CLANG_ENABLE_MODULES = YES;
				CODE_SIGN_ENTITLEMENTS = Narou/Narou.entitlements;
				CODE_SIGN_IDENTITY = "Apple Development";
				CODE_SIGN_STYLE = Automatic;
				COMBINE_HIDPI_IMAGES = YES;
				DEVELOPMENT_TEAM = 44W8AGS93F;
				ENABLE_HARDENED_RUNTIME = YES;
				HEADER_SEARCH_PATHS = (
					/usr/local/Cellar/curl/7.67.0/include,
					/usr/local/Cellar/boost/1.71.0/include,
				);
				INFOPLIST_FILE = Narou/Info.plist;
				LD_RUNPATH_SEARCH_PATHS = (
					"$(inherited)",
					"@executable_path/../Frameworks",
				);
				LIBRARY_SEARCH_PATHS = /usr/local/Cellar/curl/7.67.0/lib;
				OTHER_LDFLAGS = "-lcurl";
				PRODUCT_BUNDLE_IDENTIFIER = "Mitsuki-Goto.Narou";
				PRODUCT_NAME = "$(TARGET_NAME)";
				SWIFT_OBJC_BRIDGING_HEADER = "Narou/Narou-Bridging-Header.h";
				SWIFT_VERSION = 5.0;
			};
			name = Release;
		};
		7B5E055F2388B72600A2712F /* Debug */ = {
			isa = XCBuildConfiguration;
			buildSettings = {
				ALWAYS_EMBED_SWIFT_STANDARD_LIBRARIES = YES;
				BUNDLE_LOADER = "$(TEST_HOST)";
				CODE_SIGN_IDENTITY = "-";
				CODE_SIGN_STYLE = Automatic;
				COMBINE_HIDPI_IMAGES = YES;
				DEVELOPMENT_TEAM = 44W8AGS93F;
				INFOPLIST_FILE = NarouTests/Info.plist;
				LD_RUNPATH_SEARCH_PATHS = (
					"$(inherited)",
					"@executable_path/../Frameworks",
					"@loader_path/../Frameworks",
				);
				MACOSX_DEPLOYMENT_TARGET = 10.15;
				PRODUCT_BUNDLE_IDENTIFIER = "Mitsuki-Goto.NarouTests";
				PRODUCT_NAME = "$(TARGET_NAME)";
				SWIFT_VERSION = 5.0;
				TEST_HOST = "$(BUILT_PRODUCTS_DIR)/Narou.app/Contents/MacOS/Narou";
			};
			name = Debug;
		};
		7B5E05602388B72600A2712F /* Release */ = {
			isa = XCBuildConfiguration;
			buildSettings = {
				ALWAYS_EMBED_SWIFT_STANDARD_LIBRARIES = YES;
				BUNDLE_LOADER = "$(TEST_HOST)";
				CODE_SIGN_IDENTITY = "-";
				CODE_SIGN_STYLE = Automatic;
				COMBINE_HIDPI_IMAGES = YES;
				DEVELOPMENT_TEAM = 44W8AGS93F;
				INFOPLIST_FILE = NarouTests/Info.plist;
				LD_RUNPATH_SEARCH_PATHS = (
					"$(inherited)",
					"@executable_path/../Frameworks",
					"@loader_path/../Frameworks",
				);
				MACOSX_DEPLOYMENT_TARGET = 10.15;
				PRODUCT_BUNDLE_IDENTIFIER = "Mitsuki-Goto.NarouTests";
				PRODUCT_NAME = "$(TARGET_NAME)";
				SWIFT_VERSION = 5.0;
				TEST_HOST = "$(BUILT_PRODUCTS_DIR)/Narou.app/Contents/MacOS/Narou";
			};
			name = Release;
		};
		7B5E05622388B72600A2712F /* Debug */ = {
			isa = XCBuildConfiguration;
			buildSettings = {
				ALWAYS_EMBED_SWIFT_STANDARD_LIBRARIES = YES;
				CODE_SIGN_STYLE = Automatic;
				COMBINE_HIDPI_IMAGES = YES;
				DEVELOPMENT_TEAM = 44W8AGS93F;
				INFOPLIST_FILE = NarouUITests/Info.plist;
				LD_RUNPATH_SEARCH_PATHS = (
					"$(inherited)",
					"@executable_path/../Frameworks",
					"@loader_path/../Frameworks",
				);
				PRODUCT_BUNDLE_IDENTIFIER = "Mitsuki-Goto.NarouUITests";
				PRODUCT_NAME = "$(TARGET_NAME)";
				SWIFT_VERSION = 5.0;
				TEST_TARGET_NAME = Narou;
			};
			name = Debug;
		};
		7B5E05632388B72600A2712F /* Release */ = {
			isa = XCBuildConfiguration;
			buildSettings = {
				ALWAYS_EMBED_SWIFT_STANDARD_LIBRARIES = YES;
				CODE_SIGN_STYLE = Automatic;
				COMBINE_HIDPI_IMAGES = YES;
				DEVELOPMENT_TEAM = 44W8AGS93F;
				INFOPLIST_FILE = NarouUITests/Info.plist;
				LD_RUNPATH_SEARCH_PATHS = (
					"$(inherited)",
					"@executable_path/../Frameworks",
					"@loader_path/../Frameworks",
				);
				PRODUCT_BUNDLE_IDENTIFIER = "Mitsuki-Goto.NarouUITests";
				PRODUCT_NAME = "$(TARGET_NAME)";
				SWIFT_VERSION = 5.0;
				TEST_TARGET_NAME = Narou;
			};
			name = Release;
		};
/* End XCBuildConfiguration section */

/* Begin XCConfigurationList section */
		7B5E05302388B72200A2712F /* Build configuration list for PBXProject "Narou" */ = {
			isa = XCConfigurationList;
			buildConfigurations = (
				7B5E05592388B72600A2712F /* Debug */,
				7B5E055A2388B72600A2712F /* Release */,
			);
			defaultConfigurationIsVisible = 0;
			defaultConfigurationName = Release;
		};
		7B5E055B2388B72600A2712F /* Build configuration list for PBXNativeTarget "Narou" */ = {
			isa = XCConfigurationList;
			buildConfigurations = (
				7B5E055C2388B72600A2712F /* Debug */,
				7B5E055D2388B72600A2712F /* Release */,
			);
			defaultConfigurationIsVisible = 0;
			defaultConfigurationName = Release;
		};
		7B5E055E2388B72600A2712F /* Build configuration list for PBXNativeTarget "NarouTests" */ = {
			isa = XCConfigurationList;
			buildConfigurations = (
				7B5E055F2388B72600A2712F /* Debug */,
				7B5E05602388B72600A2712F /* Release */,
			);
			defaultConfigurationIsVisible = 0;
			defaultConfigurationName = Release;
		};
		7B5E05612388B72600A2712F /* Build configuration list for PBXNativeTarget "NarouUITests" */ = {
			isa = XCConfigurationList;
			buildConfigurations = (
				7B5E05622388B72600A2712F /* Debug */,
				7B5E05632388B72600A2712F /* Release */,
			);
			defaultConfigurationIsVisible = 0;
			defaultConfigurationName = Release;
		};
/* End XCConfigurationList section */
	};
	rootObject = 7B5E052D2388B72200A2712F /* Project object */;
}
