// !$*UTF8*$!
{
	archiveVersion = 1;
	classes = {
	};
	objectVersion = 50;
	objects = {

/* Begin PBXBuildFile section */
		7BD89DE82383E78900202115 /* AppDelegate.swift in Sources */ = {isa = PBXBuildFile; fileRef = 7BD89DE72383E78900202115 /* AppDelegate.swift */; };
		7BD89DEA2383E78900202115 /* ViewController.swift in Sources */ = {isa = PBXBuildFile; fileRef = 7BD89DE92383E78900202115 /* ViewController.swift */; };
		7BD89DEC2383E78C00202115 /* Assets.xcassets in Resources */ = {isa = PBXBuildFile; fileRef = 7BD89DEB2383E78C00202115 /* Assets.xcassets */; };
		7BD89DEF2383E78C00202115 /* Main.storyboard in Resources */ = {isa = PBXBuildFile; fileRef = 7BD89DED2383E78C00202115 /* Main.storyboard */; };
		7BD89DFB2383E78D00202115 /* NarouTests.swift in Sources */ = {isa = PBXBuildFile; fileRef = 7BD89DFA2383E78D00202115 /* NarouTests.swift */; };
		7BD89E062383E78D00202115 /* NarouUITests.swift in Sources */ = {isa = PBXBuildFile; fileRef = 7BD89E052383E78D00202115 /* NarouUITests.swift */; };
		7BD89E2223840E5C00202115 /* Narou_Core.cpp in Sources */ = {isa = PBXBuildFile; fileRef = 7BD89E2123840E5C00202115 /* Narou_Core.cpp */; };
/* End PBXBuildFile section */

/* Begin PBXContainerItemProxy section */
		7BD89DF72383E78D00202115 /* PBXContainerItemProxy */ = {
			isa = PBXContainerItemProxy;
			containerPortal = 7BD89DDC2383E78900202115 /* Project object */;
			proxyType = 1;
			remoteGlobalIDString = 7BD89DE32383E78900202115;
			remoteInfo = Narou;
		};
		7BD89E022383E78D00202115 /* PBXContainerItemProxy */ = {
			isa = PBXContainerItemProxy;
			containerPortal = 7BD89DDC2383E78900202115 /* Project object */;
			proxyType = 1;
			remoteGlobalIDString = 7BD89DE32383E78900202115;
			remoteInfo = Narou;
		};
/* End PBXContainerItemProxy section */

/* Begin PBXFileReference section */
		7BD89DE42383E78900202115 /* Narou.app */ = {isa = PBXFileReference; explicitFileType = wrapper.application; includeInIndex = 0; path = Narou.app; sourceTree = BUILT_PRODUCTS_DIR; };
		7BD89DE72383E78900202115 /* AppDelegate.swift */ = {isa = PBXFileReference; lastKnownFileType = sourcecode.swift; path = AppDelegate.swift; sourceTree = "<group>"; };
		7BD89DE92383E78900202115 /* ViewController.swift */ = {isa = PBXFileReference; lastKnownFileType = sourcecode.swift; path = ViewController.swift; sourceTree = "<group>"; };
		7BD89DEB2383E78C00202115 /* Assets.xcassets */ = {isa = PBXFileReference; lastKnownFileType = folder.assetcatalog; path = Assets.xcassets; sourceTree = "<group>"; };
		7BD89DEE2383E78C00202115 /* Base */ = {isa = PBXFileReference; lastKnownFileType = file.storyboard; name = Base; path = Base.lproj/Main.storyboard; sourceTree = "<group>"; };
		7BD89DF02383E78C00202115 /* Info.plist */ = {isa = PBXFileReference; lastKnownFileType = text.plist.xml; path = Info.plist; sourceTree = "<group>"; };
		7BD89DF12383E78C00202115 /* Narou.entitlements */ = {isa = PBXFileReference; lastKnownFileType = text.plist.entitlements; path = Narou.entitlements; sourceTree = "<group>"; };
		7BD89DF62383E78D00202115 /* NarouTests.xctest */ = {isa = PBXFileReference; explicitFileType = wrapper.cfbundle; includeInIndex = 0; path = NarouTests.xctest; sourceTree = BUILT_PRODUCTS_DIR; };
		7BD89DFA2383E78D00202115 /* NarouTests.swift */ = {isa = PBXFileReference; lastKnownFileType = sourcecode.swift; path = NarouTests.swift; sourceTree = "<group>"; };
		7BD89DFC2383E78D00202115 /* Info.plist */ = {isa = PBXFileReference; lastKnownFileType = text.plist.xml; path = Info.plist; sourceTree = "<group>"; };
		7BD89E012383E78D00202115 /* NarouUITests.xctest */ = {isa = PBXFileReference; explicitFileType = wrapper.cfbundle; includeInIndex = 0; path = NarouUITests.xctest; sourceTree = BUILT_PRODUCTS_DIR; };
		7BD89E052383E78D00202115 /* NarouUITests.swift */ = {isa = PBXFileReference; lastKnownFileType = sourcecode.swift; path = NarouUITests.swift; sourceTree = "<group>"; };
		7BD89E072383E78D00202115 /* Info.plist */ = {isa = PBXFileReference; lastKnownFileType = text.plist.xml; path = Info.plist; sourceTree = "<group>"; };
		7BD89E2123840E5C00202115 /* Narou_Core.cpp */ = {isa = PBXFileReference; explicitFileType = sourcecode.cpp.objcpp; path = Narou_Core.cpp; sourceTree = "<group>"; };
		7BD89E2423840FFB00202115 /* Narou-Bridging-Header.h */ = {isa = PBXFileReference; lastKnownFileType = sourcecode.c.h; path = "Narou-Bridging-Header.h"; sourceTree = "<group>"; };
		7BD89E25238410B200202115 /* Narou_Core.h */ = {isa = PBXFileReference; lastKnownFileType = sourcecode.c.h; path = Narou_Core.h; sourceTree = "<group>"; };
		7BD89E282384147B00202115 /* picojson.h */ = {isa = PBXFileReference; fileEncoding = 4; lastKnownFileType = sourcecode.c.h; path = picojson.h; sourceTree = "<group>"; };
/* End PBXFileReference section */

/* Begin PBXFrameworksBuildPhase section */
		7BD89DE12383E78900202115 /* Frameworks */ = {
			isa = PBXFrameworksBuildPhase;
			buildActionMask = 2147483647;
			files = (
			);
			runOnlyForDeploymentPostprocessing = 0;
		};
		7BD89DF32383E78D00202115 /* Frameworks */ = {
			isa = PBXFrameworksBuildPhase;
			buildActionMask = 2147483647;
			files = (
			);
			runOnlyForDeploymentPostprocessing = 0;
		};
		7BD89DFE2383E78D00202115 /* Frameworks */ = {
			isa = PBXFrameworksBuildPhase;
			buildActionMask = 2147483647;
			files = (
			);
			runOnlyForDeploymentPostprocessing = 0;
		};
/* End PBXFrameworksBuildPhase section */

/* Begin PBXGroup section */
		7BD89DDB2383E78900202115 = {
			isa = PBXGroup;
			children = (
				7BD89DE62383E78900202115 /* Narou */,
				7BD89DF92383E78D00202115 /* NarouTests */,
				7BD89E042383E78D00202115 /* NarouUITests */,
				7BD89DE52383E78900202115 /* Products */,
			);
			sourceTree = "<group>";
		};
		7BD89DE52383E78900202115 /* Products */ = {
			isa = PBXGroup;
			children = (
				7BD89DE42383E78900202115 /* Narou.app */,
				7BD89DF62383E78D00202115 /* NarouTests.xctest */,
				7BD89E012383E78D00202115 /* NarouUITests.xctest */,
			);
			name = Products;
			sourceTree = "<group>";
		};
		7BD89DE62383E78900202115 /* Narou */ = {
			isa = PBXGroup;
			children = (
				7BD89E2123840E5C00202115 /* Narou_Core.cpp */,
				7BD89E25238410B200202115 /* Narou_Core.h */,
				7BD89DE72383E78900202115 /* AppDelegate.swift */,
				7BD89DE92383E78900202115 /* ViewController.swift */,
				7BD89DEB2383E78C00202115 /* Assets.xcassets */,
				7BD89DED2383E78C00202115 /* Main.storyboard */,
				7BD89DF02383E78C00202115 /* Info.plist */,
				7BD89DF12383E78C00202115 /* Narou.entitlements */,
				7BD89E2423840FFB00202115 /* Narou-Bridging-Header.h */,
				7BD89E282384147B00202115 /* picojson.h */,
			);
			path = Narou;
			sourceTree = "<group>";
		};
		7BD89DF92383E78D00202115 /* NarouTests */ = {
			isa = PBXGroup;
			children = (
				7BD89DFA2383E78D00202115 /* NarouTests.swift */,
				7BD89DFC2383E78D00202115 /* Info.plist */,
			);
			path = NarouTests;
			sourceTree = "<group>";
		};
		7BD89E042383E78D00202115 /* NarouUITests */ = {
			isa = PBXGroup;
			children = (
				7BD89E052383E78D00202115 /* NarouUITests.swift */,
				7BD89E072383E78D00202115 /* Info.plist */,
			);
			path = NarouUITests;
			sourceTree = "<group>";
		};
/* End PBXGroup section */

/* Begin PBXNativeTarget section */
		7BD89DE32383E78900202115 /* Narou */ = {
			isa = PBXNativeTarget;
			buildConfigurationList = 7BD89E0A2383E78D00202115 /* Build configuration list for PBXNativeTarget "Narou" */;
			buildPhases = (
				7BD89DE02383E78900202115 /* Sources */,
				7BD89DE12383E78900202115 /* Frameworks */,
				7BD89DE22383E78900202115 /* Resources */,
			);
			buildRules = (
			);
			dependencies = (
			);
			name = Narou;
			productName = Narou;
			productReference = 7BD89DE42383E78900202115 /* Narou.app */;
			productType = "com.apple.product-type.application";
		};
		7BD89DF52383E78D00202115 /* NarouTests */ = {
			isa = PBXNativeTarget;
			buildConfigurationList = 7BD89E0D2383E78D00202115 /* Build configuration list for PBXNativeTarget "NarouTests" */;
			buildPhases = (
				7BD89DF22383E78D00202115 /* Sources */,
				7BD89DF32383E78D00202115 /* Frameworks */,
				7BD89DF42383E78D00202115 /* Resources */,
			);
			buildRules = (
			);
			dependencies = (
				7BD89DF82383E78D00202115 /* PBXTargetDependency */,
			);
			name = NarouTests;
			productName = NarouTests;
			productReference = 7BD89DF62383E78D00202115 /* NarouTests.xctest */;
			productType = "com.apple.product-type.bundle.unit-test";
		};
		7BD89E002383E78D00202115 /* NarouUITests */ = {
			isa = PBXNativeTarget;
			buildConfigurationList = 7BD89E102383E78D00202115 /* Build configuration list for PBXNativeTarget "NarouUITests" */;
			buildPhases = (
				7BD89DFD2383E78D00202115 /* Sources */,
				7BD89DFE2383E78D00202115 /* Frameworks */,
				7BD89DFF2383E78D00202115 /* Resources */,
			);
			buildRules = (
			);
			dependencies = (
				7BD89E032383E78D00202115 /* PBXTargetDependency */,
			);
			name = NarouUITests;
			productName = NarouUITests;
			productReference = 7BD89E012383E78D00202115 /* NarouUITests.xctest */;
			productType = "com.apple.product-type.bundle.ui-testing";
		};
/* End PBXNativeTarget section */

/* Begin PBXProject section */
		7BD89DDC2383E78900202115 /* Project object */ = {
			isa = PBXProject;
			attributes = {
				LastSwiftUpdateCheck = 1110;
				LastUpgradeCheck = 1110;
				ORGANIZATIONNAME = "五島充輝";
				TargetAttributes = {
					7BD89DE32383E78900202115 = {
						CreatedOnToolsVersion = 11.1;
						LastSwiftMigration = 1110;
					};
					7BD89DF52383E78D00202115 = {
						CreatedOnToolsVersion = 11.1;
						TestTargetID = 7BD89DE32383E78900202115;
					};
					7BD89E002383E78D00202115 = {
						CreatedOnToolsVersion = 11.1;
						TestTargetID = 7BD89DE32383E78900202115;
					};
				};
			};
			buildConfigurationList = 7BD89DDF2383E78900202115 /* Build configuration list for PBXProject "Narou" */;
			compatibilityVersion = "Xcode 9.3";
			developmentRegion = en;
			hasScannedForEncodings = 0;
			knownRegions = (
				en,
				Base,
			);
			mainGroup = 7BD89DDB2383E78900202115;
			productRefGroup = 7BD89DE52383E78900202115 /* Products */;
			projectDirPath = "";
			projectRoot = "";
			targets = (
				7BD89DE32383E78900202115 /* Narou */,
				7BD89DF52383E78D00202115 /* NarouTests */,
				7BD89E002383E78D00202115 /* NarouUITests */,
			);
		};
/* End PBXProject section */

/* Begin PBXResourcesBuildPhase section */
		7BD89DE22383E78900202115 /* Resources */ = {
			isa = PBXResourcesBuildPhase;
			buildActionMask = 2147483647;
			files = (
				7BD89DEC2383E78C00202115 /* Assets.xcassets in Resources */,
				7BD89DEF2383E78C00202115 /* Main.storyboard in Resources */,
			);
			runOnlyForDeploymentPostprocessing = 0;
		};
		7BD89DF42383E78D00202115 /* Resources */ = {
			isa = PBXResourcesBuildPhase;
			buildActionMask = 2147483647;
			files = (
			);
			runOnlyForDeploymentPostprocessing = 0;
		};
		7BD89DFF2383E78D00202115 /* Resources */ = {
			isa = PBXResourcesBuildPhase;
			buildActionMask = 2147483647;
			files = (
			);
			runOnlyForDeploymentPostprocessing = 0;
		};
/* End PBXResourcesBuildPhase section */

/* Begin PBXSourcesBuildPhase section */
		7BD89DE02383E78900202115 /* Sources */ = {
			isa = PBXSourcesBuildPhase;
			buildActionMask = 2147483647;
			files = (
				7BD89E2223840E5C00202115 /* Narou_Core.cpp in Sources */,
				7BD89DEA2383E78900202115 /* ViewController.swift in Sources */,
				7BD89DE82383E78900202115 /* AppDelegate.swift in Sources */,
			);
			runOnlyForDeploymentPostprocessing = 0;
		};
		7BD89DF22383E78D00202115 /* Sources */ = {
			isa = PBXSourcesBuildPhase;
			buildActionMask = 2147483647;
			files = (
				7BD89DFB2383E78D00202115 /* NarouTests.swift in Sources */,
			);
			runOnlyForDeploymentPostprocessing = 0;
		};
		7BD89DFD2383E78D00202115 /* Sources */ = {
			isa = PBXSourcesBuildPhase;
			buildActionMask = 2147483647;
			files = (
				7BD89E062383E78D00202115 /* NarouUITests.swift in Sources */,
			);
			runOnlyForDeploymentPostprocessing = 0;
		};
/* End PBXSourcesBuildPhase section */

/* Begin PBXTargetDependency section */
		7BD89DF82383E78D00202115 /* PBXTargetDependency */ = {
			isa = PBXTargetDependency;
			target = 7BD89DE32383E78900202115 /* Narou */;
			targetProxy = 7BD89DF72383E78D00202115 /* PBXContainerItemProxy */;
		};
		7BD89E032383E78D00202115 /* PBXTargetDependency */ = {
			isa = PBXTargetDependency;
			target = 7BD89DE32383E78900202115 /* Narou */;
			targetProxy = 7BD89E022383E78D00202115 /* PBXContainerItemProxy */;
		};
/* End PBXTargetDependency section */

/* Begin PBXVariantGroup section */
		7BD89DED2383E78C00202115 /* Main.storyboard */ = {
			isa = PBXVariantGroup;
			children = (
				7BD89DEE2383E78C00202115 /* Base */,
			);
			name = Main.storyboard;
			sourceTree = "<group>";
		};
/* End PBXVariantGroup section */

/* Begin XCBuildConfiguration section */
		7BD89E082383E78D00202115 /* Debug */ = {
			isa = XCBuildConfiguration;
			buildSettings = {
				ALWAYS_SEARCH_USER_PATHS = NO;
				CLANG_ANALYZER_NONNULL = YES;
				CLANG_ANALYZER_NUMBER_OBJECT_CONVERSION = YES_AGGRESSIVE;
				CLANG_CXX_LANGUAGE_STANDARD = "c++0x";
				CLANG_CXX_LIBRARY = "libc++";
				CLANG_ENABLE_MODULES = YES;
				CLANG_ENABLE_OBJC_ARC = YES;
				CLANG_ENABLE_OBJC_WEAK = YES;
				CLANG_WARN_BLOCK_CAPTURE_AUTORELEASING = YES;
				CLANG_WARN_BOOL_CONVERSION = YES;
				CLANG_WARN_COMMA = YES;
				CLANG_WARN_CONSTANT_CONVERSION = YES;
				CLANG_WARN_DEPRECATED_OBJC_IMPLEMENTATIONS = YES;
				CLANG_WARN_DIRECT_OBJC_ISA_USAGE = YES_ERROR;
				CLANG_WARN_DOCUMENTATION_COMMENTS = YES;
				CLANG_WARN_EMPTY_BODY = YES;
				CLANG_WARN_ENUM_CONVERSION = YES;
				CLANG_WARN_INFINITE_RECURSION = YES;
				CLANG_WARN_INT_CONVERSION = YES;
				CLANG_WARN_NON_LITERAL_NULL_CONVERSION = YES;
				CLANG_WARN_OBJC_IMPLICIT_RETAIN_SELF = YES;
				CLANG_WARN_OBJC_LITERAL_CONVERSION = YES;
				CLANG_WARN_OBJC_ROOT_CLASS = YES_ERROR;
				CLANG_WARN_RANGE_LOOP_ANALYSIS = YES;
				CLANG_WARN_STRICT_PROTOTYPES = YES;
				CLANG_WARN_SUSPICIOUS_MOVE = YES;
				CLANG_WARN_UNGUARDED_AVAILABILITY = YES_AGGRESSIVE;
				CLANG_WARN_UNREACHABLE_CODE = YES;
				CLANG_WARN__DUPLICATE_METHOD_MATCH = YES;
				COPY_PHASE_STRIP = NO;
				DEBUG_INFORMATION_FORMAT = dwarf;
				ENABLE_STRICT_OBJC_MSGSEND = YES;
				ENABLE_TESTABILITY = YES;
				GCC_C_LANGUAGE_STANDARD = gnu11;
				GCC_DYNAMIC_NO_PIC = NO;
				GCC_NO_COMMON_BLOCKS = YES;
				GCC_OPTIMIZATION_LEVEL = 0;
				GCC_PREPROCESSOR_DEFINITIONS = (
					"DEBUG=1",
					"$(inherited)",
				);
				GCC_WARN_64_TO_32_BIT_CONVERSION = YES;
				GCC_WARN_ABOUT_RETURN_TYPE = YES_ERROR;
				GCC_WARN_UNDECLARED_SELECTOR = YES;
				GCC_WARN_UNINITIALIZED_AUTOS = YES_AGGRESSIVE;
				GCC_WARN_UNUSED_FUNCTION = YES;
				GCC_WARN_UNUSED_VARIABLE = YES;
				MACOSX_DEPLOYMENT_TARGET = 10.15;
				MTL_ENABLE_DEBUG_INFO = INCLUDE_SOURCE;
				MTL_FAST_MATH = YES;
				ONLY_ACTIVE_ARCH = YES;
				SDKROOT = macosx;
				SWIFT_ACTIVE_COMPILATION_CONDITIONS = DEBUG;
				SWIFT_OPTIMIZATION_LEVEL = "-Onone";
			};
			name = Debug;
		};
		7BD89E092383E78D00202115 /* Release */ = {
			isa = XCBuildConfiguration;
			buildSettings = {
				ALWAYS_SEARCH_USER_PATHS = NO;
				CLANG_ANALYZER_NONNULL = YES;
				CLANG_ANALYZER_NUMBER_OBJECT_CONVERSION = YES_AGGRESSIVE;
				CLANG_CXX_LANGUAGE_STANDARD = "c++0x";
				CLANG_CXX_LIBRARY = "libc++";
				CLANG_ENABLE_MODULES = YES;
				CLANG_ENABLE_OBJC_ARC = YES;
				CLANG_ENABLE_OBJC_WEAK = YES;
				CLANG_WARN_BLOCK_CAPTURE_AUTORELEASING = YES;
				CLANG_WARN_BOOL_CONVERSION = YES;
				CLANG_WARN_COMMA = YES;
				CLANG_WARN_CONSTANT_CONVERSION = YES;
				CLANG_WARN_DEPRECATED_OBJC_IMPLEMENTATIONS = YES;
				CLANG_WARN_DIRECT_OBJC_ISA_USAGE = YES_ERROR;
				CLANG_WARN_DOCUMENTATION_COMMENTS = YES;
				CLANG_WARN_EMPTY_BODY = YES;
				CLANG_WARN_ENUM_CONVERSION = YES;
				CLANG_WARN_INFINITE_RECURSION = YES;
				CLANG_WARN_INT_CONVERSION = YES;
				CLANG_WARN_NON_LITERAL_NULL_CONVERSION = YES;
				CLANG_WARN_OBJC_IMPLICIT_RETAIN_SELF = YES;
				CLANG_WARN_OBJC_LITERAL_CONVERSION = YES;
				CLANG_WARN_OBJC_ROOT_CLASS = YES_ERROR;
				CLANG_WARN_RANGE_LOOP_ANALYSIS = YES;
				CLANG_WARN_STRICT_PROTOTYPES = YES;
				CLANG_WARN_SUSPICIOUS_MOVE = YES;
				CLANG_WARN_UNGUARDED_AVAILABILITY = YES_AGGRESSIVE;
				CLANG_WARN_UNREACHABLE_CODE = YES;
				CLANG_WARN__DUPLICATE_METHOD_MATCH = YES;
				COPY_PHASE_STRIP = NO;
				DEBUG_INFORMATION_FORMAT = "dwarf-with-dsym";
				ENABLE_NS_ASSERTIONS = NO;
				ENABLE_STRICT_OBJC_MSGSEND = YES;
				GCC_C_LANGUAGE_STANDARD = gnu11;
				GCC_NO_COMMON_BLOCKS = YES;
				GCC_WARN_64_TO_32_BIT_CONVERSION = YES;
				GCC_WARN_ABOUT_RETURN_TYPE = YES_ERROR;
				GCC_WARN_UNDECLARED_SELECTOR = YES;
				GCC_WARN_UNINITIALIZED_AUTOS = YES_AGGRESSIVE;
				GCC_WARN_UNUSED_FUNCTION = YES;
				GCC_WARN_UNUSED_VARIABLE = YES;
				MACOSX_DEPLOYMENT_TARGET = 10.15;
				MTL_ENABLE_DEBUG_INFO = NO;
				MTL_FAST_MATH = YES;
				SDKROOT = macosx;
				SWIFT_COMPILATION_MODE = wholemodule;
				SWIFT_OPTIMIZATION_LEVEL = "-O";
			};
			name = Release;
		};
		7BD89E0B2383E78D00202115 /* Debug */ = {
			isa = XCBuildConfiguration;
			buildSettings = {
				ASSETCATALOG_COMPILER_APPICON_NAME = AppIcon;
				CLANG_ENABLE_MODULES = YES;
				CODE_SIGN_ENTITLEMENTS = Narou/Narou.entitlements;
				CODE_SIGN_STYLE = Automatic;
				COMBINE_HIDPI_IMAGES = YES;
				DEVELOPMENT_TEAM = 44W8AGS93F;
				ENABLE_HARDENED_RUNTIME = YES;
				INFOPLIST_FILE = Narou/Info.plist;
				LD_RUNPATH_SEARCH_PATHS = (
					"$(inherited)",
					"@executable_path/../Frameworks",
				);
				PRODUCT_BUNDLE_IDENTIFIER = "Mitsuki-Goto.Narou";
				PRODUCT_NAME = "$(TARGET_NAME)";
				SWIFT_OBJC_BRIDGING_HEADER = "$(SRCROOT)/$(PROJECT)/Narou-Bridging-Header.h";
				SWIFT_OPTIMIZATION_LEVEL = "-Onone";
				SWIFT_VERSION = 5.0;
			};
			name = Debug;
		};
		7BD89E0C2383E78D00202115 /* Release */ = {
			isa = XCBuildConfiguration;
			buildSettings = {
				ASSETCATALOG_COMPILER_APPICON_NAME = AppIcon;
				CLANG_ENABLE_MODULES = YES;
				CODE_SIGN_ENTITLEMENTS = Narou/Narou.entitlements;
				CODE_SIGN_STYLE = Automatic;
				COMBINE_HIDPI_IMAGES = YES;
				DEVELOPMENT_TEAM = 44W8AGS93F;
				ENABLE_HARDENED_RUNTIME = YES;
				INFOPLIST_FILE = Narou/Info.plist;
				LD_RUNPATH_SEARCH_PATHS = (
					"$(inherited)",
					"@executable_path/../Frameworks",
				);
				PRODUCT_BUNDLE_IDENTIFIER = "Mitsuki-Goto.Narou";
				PRODUCT_NAME = "$(TARGET_NAME)";
				SWIFT_OBJC_BRIDGING_HEADER = "$(SRCROOT)/$(PROJECT)/Narou-Bridging-Header.h";
				SWIFT_VERSION = 5.0;
			};
			name = Release;
		};
		7BD89E0E2383E78D00202115 /* Debug */ = {
			isa = XCBuildConfiguration;
			buildSettings = {
				ALWAYS_EMBED_SWIFT_STANDARD_LIBRARIES = YES;
				BUNDLE_LOADER = "$(TEST_HOST)";
				CODE_SIGN_STYLE = Automatic;
				COMBINE_HIDPI_IMAGES = YES;
				DEVELOPMENT_TEAM = 44W8AGS93F;
				INFOPLIST_FILE = NarouTests/Info.plist;
				LD_RUNPATH_SEARCH_PATHS = (
					"$(inherited)",
					"@executable_path/../Frameworks",
					"@loader_path/../Frameworks",
				);
				MACOSX_DEPLOYMENT_TARGET = 10.15;
				PRODUCT_BUNDLE_IDENTIFIER = "Mitsuki-Goto.NarouTests";
				PRODUCT_NAME = "$(TARGET_NAME)";
				SWIFT_VERSION = 5.0;
				TEST_HOST = "$(BUILT_PRODUCTS_DIR)/Narou.app/Contents/MacOS/Narou";
			};
			name = Debug;
		};
		7BD89E0F2383E78D00202115 /* Release */ = {
			isa = XCBuildConfiguration;
			buildSettings = {
				ALWAYS_EMBED_SWIFT_STANDARD_LIBRARIES = YES;
				BUNDLE_LOADER = "$(TEST_HOST)";
				CODE_SIGN_STYLE = Automatic;
				COMBINE_HIDPI_IMAGES = YES;
				DEVELOPMENT_TEAM = 44W8AGS93F;
				INFOPLIST_FILE = NarouTests/Info.plist;
				LD_RUNPATH_SEARCH_PATHS = (
					"$(inherited)",
					"@executable_path/../Frameworks",
					"@loader_path/../Frameworks",
				);
				MACOSX_DEPLOYMENT_TARGET = 10.15;
				PRODUCT_BUNDLE_IDENTIFIER = "Mitsuki-Goto.NarouTests";
				PRODUCT_NAME = "$(TARGET_NAME)";
				SWIFT_VERSION = 5.0;
				TEST_HOST = "$(BUILT_PRODUCTS_DIR)/Narou.app/Contents/MacOS/Narou";
			};
			name = Release;
		};
		7BD89E112383E78D00202115 /* Debug */ = {
			isa = XCBuildConfiguration;
			buildSettings = {
				ALWAYS_EMBED_SWIFT_STANDARD_LIBRARIES = YES;
				CODE_SIGN_STYLE = Automatic;
				COMBINE_HIDPI_IMAGES = YES;
				DEVELOPMENT_TEAM = 44W8AGS93F;
				INFOPLIST_FILE = NarouUITests/Info.plist;
				LD_RUNPATH_SEARCH_PATHS = (
					"$(inherited)",
					"@executable_path/../Frameworks",
					"@loader_path/../Frameworks",
				);
				PRODUCT_BUNDLE_IDENTIFIER = "Mitsuki-Goto.NarouUITests";
				PRODUCT_NAME = "$(TARGET_NAME)";
				SWIFT_VERSION = 5.0;
				TEST_TARGET_NAME = Narou;
			};
			name = Debug;
		};
		7BD89E122383E78D00202115 /* Release */ = {
			isa = XCBuildConfiguration;
			buildSettings = {
				ALWAYS_EMBED_SWIFT_STANDARD_LIBRARIES = YES;
				CODE_SIGN_STYLE = Automatic;
				COMBINE_HIDPI_IMAGES = YES;
				DEVELOPMENT_TEAM = 44W8AGS93F;
				INFOPLIST_FILE = NarouUITests/Info.plist;
				LD_RUNPATH_SEARCH_PATHS = (
					"$(inherited)",
					"@executable_path/../Frameworks",
					"@loader_path/../Frameworks",
				);
				PRODUCT_BUNDLE_IDENTIFIER = "Mitsuki-Goto.NarouUITests";
				PRODUCT_NAME = "$(TARGET_NAME)";
				SWIFT_VERSION = 5.0;
				TEST_TARGET_NAME = Narou;
			};
			name = Release;
		};
/* End XCBuildConfiguration section */

/* Begin XCConfigurationList section */
		7BD89DDF2383E78900202115 /* Build configuration list for PBXProject "Narou" */ = {
			isa = XCConfigurationList;
			buildConfigurations = (
				7BD89E082383E78D00202115 /* Debug */,
				7BD89E092383E78D00202115 /* Release */,
			);
			defaultConfigurationIsVisible = 0;
			defaultConfigurationName = Release;
		};
		7BD89E0A2383E78D00202115 /* Build configuration list for PBXNativeTarget "Narou" */ = {
			isa = XCConfigurationList;
			buildConfigurations = (
				7BD89E0B2383E78D00202115 /* Debug */,
				7BD89E0C2383E78D00202115 /* Release */,
			);
			defaultConfigurationIsVisible = 0;
			defaultConfigurationName = Release;
		};
		7BD89E0D2383E78D00202115 /* Build configuration list for PBXNativeTarget "NarouTests" */ = {
			isa = XCConfigurationList;
			buildConfigurations = (
				7BD89E0E2383E78D00202115 /* Debug */,
				7BD89E0F2383E78D00202115 /* Release */,
			);
			defaultConfigurationIsVisible = 0;
			defaultConfigurationName = Release;
		};
		7BD89E102383E78D00202115 /* Build configuration list for PBXNativeTarget "NarouUITests" */ = {
			isa = XCConfigurationList;
			buildConfigurations = (
				7BD89E112383E78D00202115 /* Debug */,
				7BD89E122383E78D00202115 /* Release */,
			);
			defaultConfigurationIsVisible = 0;
			defaultConfigurationName = Release;
		};
/* End XCConfigurationList section */
	};
	rootObject = 7BD89DDC2383E78900202115 /* Project object */;
}
